// !$*UTF8*$!
{
	archiveVersion = 1;
	classes = {
	};
	objectVersion = 46;
	objects = {

/* Begin PBXBuildFile section */
		AD11D51F1EC2F7E200ECF03E /* AppDelegate.swift in Sources */ = {isa = PBXBuildFile; fileRef = AD11D51E1EC2F7E200ECF03E /* AppDelegate.swift */; };
		AD11D5211EC2F7E200ECF03E /* ViewController.swift in Sources */ = {isa = PBXBuildFile; fileRef = AD11D5201EC2F7E200ECF03E /* ViewController.swift */; };
		AD11D5241EC2F7E200ECF03E /* Main.storyboard in Resources */ = {isa = PBXBuildFile; fileRef = AD11D5221EC2F7E200ECF03E /* Main.storyboard */; };
		AD11D5271EC2F7E200ECF03E /* tic_tac_toe.xcdatamodeld in Sources */ = {isa = PBXBuildFile; fileRef = AD11D5251EC2F7E200ECF03E /* tic_tac_toe.xcdatamodeld */; };
		AD11D5291EC2F7E200ECF03E /* Assets.xcassets in Resources */ = {isa = PBXBuildFile; fileRef = AD11D5281EC2F7E200ECF03E /* Assets.xcassets */; };
		AD11D52C1EC2F7E200ECF03E /* LaunchScreen.storyboard in Resources */ = {isa = PBXBuildFile; fileRef = AD11D52A1EC2F7E200ECF03E /* LaunchScreen.storyboard */; };
		AD11D5341EC2FD4500ECF03E /* nought.png in Resources */ = {isa = PBXBuildFile; fileRef = AD11D5331EC2FD4500ECF03E /* nought.png */; };
		AD11D5361EC2FD5600ECF03E /* cross.png in Resources */ = {isa = PBXBuildFile; fileRef = AD11D5351EC2FD5600ECF03E /* cross.png */; };
		AD11D5381EC2FD6200ECF03E /* board.png in Resources */ = {isa = PBXBuildFile; fileRef = AD11D5371EC2FD6200ECF03E /* board.png */; };
/* End PBXBuildFile section */

/* Begin PBXFileReference section */
		AD11D51B1EC2F7E200ECF03E /* tic tac toe.app */ = {isa = PBXFileReference; explicitFileType = wrapper.application; includeInIndex = 0; path = "tic tac toe.app"; sourceTree = BUILT_PRODUCTS_DIR; };
		AD11D51E1EC2F7E200ECF03E /* AppDelegate.swift */ = {isa = PBXFileReference; lastKnownFileType = sourcecode.swift; path = AppDelegate.swift; sourceTree = "<group>"; };
		AD11D5201EC2F7E200ECF03E /* ViewController.swift */ = {isa = PBXFileReference; lastKnownFileType = sourcecode.swift; path = ViewController.swift; sourceTree = "<group>"; };
		AD11D5231EC2F7E200ECF03E /* Base */ = {isa = PBXFileReference; lastKnownFileType = file.storyboard; name = Base; path = Base.lproj/Main.storyboard; sourceTree = "<group>"; };
		AD11D5261EC2F7E200ECF03E /* tic_tac_toe.xcdatamodel */ = {isa = PBXFileReference; lastKnownFileType = wrapper.xcdatamodel; path = tic_tac_toe.xcdatamodel; sourceTree = "<group>"; };
		AD11D5281EC2F7E200ECF03E /* Assets.xcassets */ = {isa = PBXFileReference; lastKnownFileType = folder.assetcatalog; path = Assets.xcassets; sourceTree = "<group>"; };
		AD11D52B1EC2F7E200ECF03E /* Base */ = {isa = PBXFileReference; lastKnownFileType = file.storyboard; name = Base; path = Base.lproj/LaunchScreen.storyboard; sourceTree = "<group>"; };
		AD11D52D1EC2F7E200ECF03E /* Info.plist */ = {isa = PBXFileReference; lastKnownFileType = text.plist.xml; path = Info.plist; sourceTree = "<group>"; };
		AD11D5331EC2FD4500ECF03E /* nought.png */ = {isa = PBXFileReference; lastKnownFileType = image.png; name = nought.png; path = ../../Valovirta/Images/nought.png; sourceTree = "<group>"; };
		AD11D5351EC2FD5600ECF03E /* cross.png */ = {isa = PBXFileReference; lastKnownFileType = image.png; name = cross.png; path = ../../Valovirta/Images/cross.png; sourceTree = "<group>"; };
		AD11D5371EC2FD6200ECF03E /* board.png */ = {isa = PBXFileReference; lastKnownFileType = image.png; name = board.png; path = ../../Valovirta/Images/board.png; sourceTree = "<group>"; };
/* End PBXFileReference section */

/* Begin PBXFrameworksBuildPhase section */
		AD11D5181EC2F7E200ECF03E /* Frameworks */ = {
			isa = PBXFrameworksBuildPhase;
			buildActionMask = 2147483647;
			files = (
			);
			runOnlyForDeploymentPostprocessing = 0;
		};
/* End PBXFrameworksBuildPhase section */

/* Begin PBXGroup section */
		AD11D5121EC2F7E200ECF03E = {
			isa = PBXGroup;
			children = (
				AD11D51D1EC2F7E200ECF03E /* tic tac toe */,
				AD11D51C1EC2F7E200ECF03E /* Products */,
			);
			sourceTree = "<group>";
		};
		AD11D51C1EC2F7E200ECF03E /* Products */ = {
			isa = PBXGroup;
			children = (
				AD11D51B1EC2F7E200ECF03E /* tic tac toe.app */,
			);
			name = Products;
			sourceTree = "<group>";
		};
		AD11D51D1EC2F7E200ECF03E /* tic tac toe */ = {
			isa = PBXGroup;
			children = (
				AD11D51E1EC2F7E200ECF03E /* AppDelegate.swift */,
				AD11D5201EC2F7E200ECF03E /* ViewController.swift */,
				AD11D5221EC2F7E200ECF03E /* Main.storyboard */,
				AD11D5281EC2F7E200ECF03E /* Assets.xcassets */,
				AD11D5371EC2FD6200ECF03E /* board.png */,
				AD11D5351EC2FD5600ECF03E /* cross.png */,
				AD11D5331EC2FD4500ECF03E /* nought.png */,
				AD11D52A1EC2F7E200ECF03E /* LaunchScreen.storyboard */,
				AD11D52D1EC2F7E200ECF03E /* Info.plist */,
				AD11D5251EC2F7E200ECF03E /* tic_tac_toe.xcdatamodeld */,
			);
			path = "tic tac toe";
			sourceTree = "<group>";
		};
/* End PBXGroup section */

/* Begin PBXNativeTarget section */
		AD11D51A1EC2F7E200ECF03E /* tic tac toe */ = {
			isa = PBXNativeTarget;
			buildConfigurationList = AD11D5301EC2F7E200ECF03E /* Build configuration list for PBXNativeTarget "tic tac toe" */;
			buildPhases = (
				AD11D5171EC2F7E200ECF03E /* Sources */,
				AD11D5181EC2F7E200ECF03E /* Frameworks */,
				AD11D5191EC2F7E200ECF03E /* Resources */,
			);
			buildRules = (
			);
			dependencies = (
			);
			name = "tic tac toe";
			productName = "tic tac toe";
			productReference = AD11D51B1EC2F7E200ECF03E /* tic tac toe.app */;
			productType = "com.apple.product-type.application";
		};
/* End PBXNativeTarget section */

/* Begin PBXProject section */
		AD11D5131EC2F7E200ECF03E /* Project object */ = {
			isa = PBXProject;
			attributes = {
				LastSwiftUpdateCheck = 0820;
				LastUpgradeCheck = 0820;
				ORGANIZATIONNAME = yasamin;
				TargetAttributes = {
					AD11D51A1EC2F7E200ECF03E = {
						CreatedOnToolsVersion = 8.2.1;
						ProvisioningStyle = Automatic;
					};
				};
			};
			buildConfigurationList = AD11D5161EC2F7E200ECF03E /* Build configuration list for PBXProject "tic tac toe" */;
			compatibilityVersion = "Xcode 3.2";
			developmentRegion = English;
			hasScannedForEncodings = 0;
			knownRegions = (
				en,
				Base,
			);
			mainGroup = AD11D5121EC2F7E200ECF03E;
			productRefGroup = AD11D51C1EC2F7E200ECF03E /* Products */;
			projectDirPath = "";
			projectRoot = "";
			targets = (
				AD11D51A1EC2F7E200ECF03E /* tic tac toe */,
			);
		};
/* End PBXProject section */

/* Begin PBXResourcesBuildPhase section */
		AD11D5191EC2F7E200ECF03E /* Resources */ = {
			isa = PBXResourcesBuildPhase;
			buildActionMask = 2147483647;
			files = (
				AD11D5361EC2FD5600ECF03E /* cross.png in Resources */,
				AD11D52C1EC2F7E200ECF03E /* LaunchScreen.storyboard in Resources */,
				AD11D5381EC2FD6200ECF03E /* board.png in Resources */,
				AD11D5291EC2F7E200ECF03E /* Assets.xcassets in Resources */,
				AD11D5341EC2FD4500ECF03E /* nought.png in Resources */,
				AD11D5241EC2F7E200ECF03E /* Main.storyboard in Resources */,
			);
			runOnlyForDeploymentPostprocessing = 0;
		};
/* End PBXResourcesBuildPhase section */

/* Begin PBXSourcesBuildPhase section */
		AD11D5171EC2F7E200ECF03E /* Sources */ = {
			isa = PBXSourcesBuildPhase;
			buildActionMask = 2147483647;
			files = (
				AD11D5211EC2F7E200ECF03E /* ViewController.swift in Sources */,
				AD11D51F1EC2F7E200ECF03E /* AppDelegate.swift in Sources */,
				AD11D5271EC2F7E200ECF03E /* tic_tac_toe.xcdatamodeld in Sources */,
			);
			runOnlyForDeploymentPostprocessing = 0;
		};
/* End PBXSourcesBuildPhase section */

/* Begin PBXVariantGroup section */
		AD11D5221EC2F7E200ECF03E /* Main.storyboard */ = {
			isa = PBXVariantGroup;
			children = (
				AD11D5231EC2F7E200ECF03E /* Base */,
			);
			name = Main.storyboard;
			sourceTree = "<group>";
		};
		AD11D52A1EC2F7E200ECF03E /* LaunchScreen.storyboard */ = {
			isa = PBXVariantGroup;
			children = (
				AD11D52B1EC2F7E200ECF03E /* Base */,
			);
			name = LaunchScreen.storyboard;
			sourceTree = "<group>";
		};
/* End PBXVariantGroup section */

/* Begin XCBuildConfiguration section */
		AD11D52E1EC2F7E200ECF03E /* Debug */ = {
			isa = XCBuildConfiguration;
			buildSettings = {
				ALWAYS_SEARCH_USER_PATHS = NO;
				CLANG_ANALYZER_NONNULL = YES;
				CLANG_CXX_LANGUAGE_STANDARD = "gnu++0x";
				CLANG_CXX_LIBRARY = "libc++";
				CLANG_ENABLE_MODULES = YES;
				CLANG_ENABLE_OBJC_ARC = YES;
				CLANG_WARN_BOOL_CONVERSION = YES;
				CLANG_WARN_CONSTANT_CONVERSION = YES;
				CLANG_WARN_DIRECT_OBJC_ISA_USAGE = YES_ERROR;
				CLANG_WARN_DOCUMENTATION_COMMENTS = YES;
				CLANG_WARN_EMPTY_BODY = YES;
				CLANG_WARN_ENUM_CONVERSION = YES;
				CLANG_WARN_INFINITE_RECURSION = YES;
				CLANG_WARN_INT_CONVERSION = YES;
				CLANG_WARN_OBJC_ROOT_CLASS = YES_ERROR;
				CLANG_WARN_SUSPICIOUS_MOVE = YES;
				CLANG_WARN_UNREACHABLE_CODE = YES;
				CLANG_WARN__DUPLICATE_METHOD_MATCH = YES;
				"CODE_SIGN_IDENTITY[sdk=iphoneos*]" = "iPhone Developer";
				COPY_PHASE_STRIP = NO;
				DEBUG_INFORMATION_FORMAT = dwarf;
				ENABLE_STRICT_OBJC_MSGSEND = YES;
				ENABLE_TESTABILITY = YES;
				GCC_C_LANGUAGE_STANDARD = gnu99;
				GCC_DYNAMIC_NO_PIC = NO;
				GCC_NO_COMMON_BLOCKS = YES;
				GCC_OPTIMIZATION_LEVEL = 0;
				GCC_PREPROCESSOR_DEFINITIONS = (
					"DEBUG=1",
					"$(inherited)",
				);
				GCC_WARN_64_TO_32_BIT_CONVERSION = YES;
				GCC_WARN_ABOUT_RETURN_TYPE = YES_ERROR;
				GCC_WARN_UNDECLARED_SELECTOR = YES;
				GCC_WARN_UNINITIALIZED_AUTOS = YES_AGGRESSIVE;
				GCC_WARN_UNUSED_FUNCTION = YES;
				GCC_WARN_UNUSED_VARIABLE = YES;
				IPHONEOS_DEPLOYMENT_TARGET = 10.2;
				MTL_ENABLE_DEBUG_INFO = YES;
				ONLY_ACTIVE_ARCH = YES;
				SDKROOT = iphoneos;
				SWIFT_ACTIVE_COMPILATION_CONDITIONS = DEBUG;
				SWIFT_OPTIMIZATION_LEVEL = "-Onone";
				TARGETED_DEVICE_FAMILY = "1,2";
			};
			name = Debug;
		};
		AD11D52F1EC2F7E200ECF03E /* Release */ = {
			isa = XCBuildConfiguration;
			buildSettings = {
				ALWAYS_SEARCH_USER_PATHS = NO;
				CLANG_ANALYZER_NONNULL = YES;
				CLANG_CXX_LANGUAGE_STANDARD = "gnu++0x";
				CLANG_CXX_LIBRARY = "libc++";
				CLANG_ENABLE_MODULES = YES;
				CLANG_ENABLE_OBJC_ARC = YES;
				CLANG_WARN_BOOL_CONVERSION = YES;
				CLANG_WARN_CONSTANT_CONVERSION = YES;
				CLANG_WARN_DIRECT_OBJC_ISA_USAGE = YES_ERROR;
				CLANG_WARN_DOCUMENTATION_COMMENTS = YES;
				CLANG_WARN_EMPTY_BODY = YES;
				CLANG_WARN_ENUM_CONVERSION = YES;
				CLANG_WARN_INFINITE_RECURSION = YES;
				CLANG_WARN_INT_CONVERSION = YES;
				CLANG_WARN_OBJC_ROOT_CLASS = YES_ERROR;
				CLANG_WARN_SUSPICIOUS_MOVE = YES;
				CLANG_WARN_UNREACHABLE_CODE = YES;
				CLANG_WARN__DUPLICATE_METHOD_MATCH = YES;
				"CODE_SIGN_IDENTITY[sdk=iphoneos*]" = "iPhone Developer";
				COPY_PHASE_STRIP = NO;
				DEBUG_INFORMATION_FORMAT = "dwarf-with-dsym";
				ENABLE_NS_ASSERTIONS = NO;
				ENABLE_STRICT_OBJC_MSGSEND = YES;
				GCC_C_LANGUAGE_STANDARD = gnu99;
				GCC_NO_COMMON_BLOCKS = YES;
				GCC_WARN_64_TO_32_BIT_CONVERSION = YES;
				GCC_WARN_ABOUT_RETURN_TYPE = YES_ERROR;
				GCC_WARN_UNDECLARED_SELECTOR = YES;
				GCC_WARN_UNINITIALIZED_AUTOS = YES_AGGRESSIVE;
				GCC_WARN_UNUSED_FUNCTION = YES;
				GCC_WARN_UNUSED_VARIABLE = YES;
				IPHONEOS_DEPLOYMENT_TARGET = 10.2;
				MTL_ENABLE_DEBUG_INFO = NO;
				SDKROOT = iphoneos;
				SWIFT_OPTIMIZATION_LEVEL = "-Owholemodule";
				TARGETED_DEVICE_FAMILY = "1,2";
				VALIDATE_PRODUCT = YES;
			};
			name = Release;
		};
		AD11D5311EC2F7E200ECF03E /* Debug */ = {
			isa = XCBuildConfiguration;
			buildSettings = {
				ASSETCATALOG_COMPILER_APPICON_NAME = AppIcon;
				INFOPLIST_FILE = "tic tac toe/Info.plist";
				LD_RUNPATH_SEARCH_PATHS = "$(inherited) @executable_path/Frameworks";
				PRODUCT_BUNDLE_IDENTIFIER = "metropolia.tic-tac-toe";
				PRODUCT_NAME = "$(TARGET_NAME)";
				SWIFT_VERSION = 3.0;
			};
			name = Debug;
		};
		AD11D5321EC2F7E200ECF03E /* Release */ = {
			isa = XCBuildConfiguration;
			buildSettings = {
				ASSETCATALOG_COMPILER_APPICON_NAME = AppIcon;
				INFOPLIST_FILE = "tic tac toe/Info.plist";
				LD_RUNPATH_SEARCH_PATHS = "$(inherited) @executable_path/Frameworks";
				PRODUCT_BUNDLE_IDENTIFIER = "metropolia.tic-tac-toe";
				PRODUCT_NAME = "$(TARGET_NAME)";
				SWIFT_VERSION = 3.0;
			};
			name = Release;
		};
/* End XCBuildConfiguration section */

/* Begin XCConfigurationList section */
		AD11D5161EC2F7E200ECF03E /* Build configuration list for PBXProject "tic tac toe" */ = {
			isa = XCConfigurationList;
			buildConfigurations = (
				AD11D52E1EC2F7E200ECF03E /* Debug */,
				AD11D52F1EC2F7E200ECF03E /* Release */,
			);
			defaultConfigurationIsVisible = 0;
			defaultConfigurationName = Release;
		};
		AD11D5301EC2F7E200ECF03E /* Build configuration list for PBXNativeTarget "tic tac toe" */ = {
			isa = XCConfigurationList;
			buildConfigurations = (
				AD11D5311EC2F7E200ECF03E /* Debug */,
				AD11D5321EC2F7E200ECF03E /* Release */,
			);
			defaultConfigurationIsVisible = 0;
		};
/* End XCConfigurationList section */

/* Begin XCVersionGroup section */
		AD11D5251EC2F7E200ECF03E /* tic_tac_toe.xcdatamodeld */ = {
			isa = XCVersionGroup;
			children = (
				AD11D5261EC2F7E200ECF03E /* tic_tac_toe.xcdatamodel */,
			);
			currentVersion = AD11D5261EC2F7E200ECF03E /* tic_tac_toe.xcdatamodel */;
			path = tic_tac_toe.xcdatamodeld;
			sourceTree = "<group>";
			versionGroupType = wrapper.xcdatamodel;
		};
/* End XCVersionGroup section */
	};
	rootObject = AD11D5131EC2F7E200ECF03E /* Project object */;
}
